
Microsoft Visual Studio Solution File, Format Version 12.00
# Visual Studio Version 17
VisualStudioVersion = 17.2.32516.85
MinimumVisualStudioVersion = 10.0.40219.1
Project("{FAE04EC0-301F-11D3-BF4B-00C04F79EFBC}") = "PiaCanina2", "PiaCanina2\PiaCanina2.csproj", "{4872E90B-8F4D-4CE2-847F-21773EE305E3}"
EndProject
Global
	GlobalSection(SolutionConfigurationPlatforms) = preSolution
		Debug|Any CPU = Debug|Any CPU
		Release|Any CPU = Release|Any CPU
	EndGlobalSection
	GlobalSection(ProjectConfigurationPlatforms) = postSolution
		{4872E90B-8F4D-4CE2-847F-21773EE305E3}.Debug|Any CPU.ActiveCfg = Debug|Any CPU
		{4872E90B-8F4D-4CE2-847F-21773EE305E3}.Debug|Any CPU.Build.0 = Debug|Any CPU
		{4872E90B-8F4D-4CE2-847F-21773EE305E3}.Release|Any CPU.ActiveCfg = Release|Any CPU
		{4872E90B-8F4D-4CE2-847F-21773EE305E3}.Release|Any CPU.Build.0 = Release|Any CPU
	EndGlobalSection
	GlobalSection(SolutionProperties) = preSolution
		HideSolutionNode = FALSE
	EndGlobalSection
	GlobalSection(ExtensibilityGlobals) = postSolution
		SolutionGuid = {EAD8AC51-9903-4F5F-BEE2-BC751722E679}
	EndGlobalSection
EndGlobal
